
Microsoft Visual Studio Solution File, Format Version 12.00
# Visual Studio Version 17
VisualStudioVersion = 17.7.34202.233
MinimumVisualStudioVersion = 10.0.40219.1
Project("{FAE04EC0-301F-11D3-BF4B-00C04F79EFBC}") = "Yarah", "Yarah\Yarah.csproj", "{10339CD4-FA2C-4D77-970F-431D88C186FD}"
EndProject
Global
	GlobalSection(SolutionConfigurationPlatforms) = preSolution
		Debug|Any CPU = Debug|Any CPU
		Release|Any CPU = Release|Any CPU
	EndGlobalSection
	GlobalSection(ProjectConfigurationPlatforms) = postSolution
		{10339CD4-FA2C-4D77-970F-431D88C186FD}.Debug|Any CPU.ActiveCfg = Debug|Any CPU
		{10339CD4-FA2C-4D77-970F-431D88C186FD}.Debug|Any CPU.Build.0 = Debug|Any CPU
		{10339CD4-FA2C-4D77-970F-431D88C186FD}.Release|Any CPU.ActiveCfg = Release|Any CPU
		{10339CD4-FA2C-4D77-970F-431D88C186FD}.Release|Any CPU.Build.0 = Release|Any CPU
	EndGlobalSection
	GlobalSection(SolutionProperties) = preSolution
		HideSolutionNode = FALSE
	EndGlobalSection
	GlobalSection(ExtensibilityGlobals) = postSolution
		SolutionGuid = {C2D4FB82-C2E4-4E31-8010-95CBBCB55CE5}
	EndGlobalSection
EndGlobal
